
Microsoft Visual Studio Solution File, Format Version 12.00
# Visual Studio Version 17
VisualStudioVersion = 17.7.34024.191
MinimumVisualStudioVersion = 10.0.40219.1
Project("{FAE04EC0-301F-11D3-BF4B-00C04F79EFBC}") = "Snake", "Snake\Snake.csproj", "{EFF00D77-62AC-47C8-9976-75C102A089A1}"
EndProject
Global
	GlobalSection(SolutionConfigurationPlatforms) = preSolution
		Debug|Any CPU = Debug|Any CPU
		Release|Any CPU = Release|Any CPU
	EndGlobalSection
	GlobalSection(ProjectConfigurationPlatforms) = postSolution
		{EFF00D77-62AC-47C8-9976-75C102A089A1}.Debug|Any CPU.ActiveCfg = Debug|Any CPU
		{EFF00D77-62AC-47C8-9976-75C102A089A1}.Debug|Any CPU.Build.0 = Debug|Any CPU
		{EFF00D77-62AC-47C8-9976-75C102A089A1}.Release|Any CPU.ActiveCfg = Release|Any CPU
		{EFF00D77-62AC-47C8-9976-75C102A089A1}.Release|Any CPU.Build.0 = Release|Any CPU
	EndGlobalSection
	GlobalSection(SolutionProperties) = preSolution
		HideSolutionNode = FALSE
	EndGlobalSection
	GlobalSection(ExtensibilityGlobals) = postSolution
		SolutionGuid = {C8E173EF-8C05-48C9-BA74-351587E9A2BE}
	EndGlobalSection
EndGlobal
